
Microsoft Visual Studio Solution File, Format Version 12.00
# Visual Studio Version 16
VisualStudioVersion = 16.0.32106.194
MinimumVisualStudioVersion = 10.0.40219.1
Project("{FAE04EC0-301F-11D3-BF4B-00C04F79EFBC}") = "RestExcuses", "RestExcuses\RestExcuses.csproj", "{4384FECD-80F8-4572-9442-ACA21474E87C}"
EndProject
Global
	GlobalSection(SolutionConfigurationPlatforms) = preSolution
		Debug|Any CPU = Debug|Any CPU
		Release|Any CPU = Release|Any CPU
	EndGlobalSection
	GlobalSection(ProjectConfigurationPlatforms) = postSolution
		{4384FECD-80F8-4572-9442-ACA21474E87C}.Debug|Any CPU.ActiveCfg = Debug|Any CPU
		{4384FECD-80F8-4572-9442-ACA21474E87C}.Debug|Any CPU.Build.0 = Debug|Any CPU
		{4384FECD-80F8-4572-9442-ACA21474E87C}.Release|Any CPU.ActiveCfg = Release|Any CPU
		{4384FECD-80F8-4572-9442-ACA21474E87C}.Release|Any CPU.Build.0 = Release|Any CPU
	EndGlobalSection
	GlobalSection(SolutionProperties) = preSolution
		HideSolutionNode = FALSE
	EndGlobalSection
	GlobalSection(ExtensibilityGlobals) = postSolution
		SolutionGuid = {BC2CB4CC-841A-4BC9-89BF-51FF4F79C0DC}
	EndGlobalSection
EndGlobal
